<?xml version="1.0" encoding="utf-8"?>
<Project ToolsVersion="4.0" xmlns="http://schemas.microsoft.com/developer/msbuild/2003">
  <ItemGroup>
    <Filter Include="ソース ファイル">
      <UniqueIdentifier>{4FC737F1-C7A5-4376-A066-2A32D752A2FF}</UniqueIdentifier>
      <Extensions>cpp;c;cc;cxx;c++;cppm;ixx;def;odl;idl;hpj;bat;asm;asmx</Extensions>
    </Filter>
    <Filter Include="ヘッダー ファイル">
      <UniqueIdentifier>{93995380-89BD-4b04-88EB-625FBE52EBFB}</UniqueIdentifier>
      <Extensions>h;hh;hpp;hxx;h++;hm;inl;inc;ipp;xsd</Extensions>
    </Filter>
    <Filter Include="リソース ファイル">
      <UniqueIdentifier>{67DA6AB6-F800-4c08-8B7A-83BB121AAD01}</UniqueIdentifier>
      <Extensions>rc;ico;cur;bmp;dlg;rc2;rct;bin;rgs;gif;jpg;jpeg;jpe;resx;tiff;tif;png;wav;mfcribbon-ms</Extensions>
    </Filter>
    <Filter Include="ソース ファイル\game">
      <UniqueIdentifier>{6a4de726-94b0-4785-b8b7-8e6bf9d5144b}</UniqueIdentifier>
    </Filter>
    <Filter Include="ソース ファイル\lib">
      <UniqueIdentifier>{311401c7-9609-456f-9d45-1872f4556856}</UniqueIdentifier>
    </Filter>
    <Filter Include="ソース ファイル\game\scene">
      <UniqueIdentifier>{5e9d979c-8ca6-47a7-b081-93bea576d743}</UniqueIdentifier>
    </Filter>
    <Filter Include="ソース ファイル\lib\collision">
      <UniqueIdentifier>{e9ca0052-585d-4686-891a-7e99847323d4}</UniqueIdentifier>
    </Filter>
    <Filter Include="ソース ファイル\lib\input">
      <UniqueIdentifier>{24377930-f3b9-4ea6-a5c4-99d8cba680e6}</UniqueIdentifier>
    </Filter>
    <Filter Include="ソース ファイル\lib\system">
      <UniqueIdentifier>{3657ca0a-d576-4121-b492-8fec446057f4}</UniqueIdentifier>
    </Filter>
    <Filter Include="ソース ファイル\lib\2DUi">
      <UniqueIdentifier>{886b01e7-753d-4fcc-a0e5-36775fc5cafa}</UniqueIdentifier>
    </Filter>
    <Filter Include="ソース ファイル\lib\model">
      <UniqueIdentifier>{5de6517a-29d4-4620-a978-498bacfd046d}</UniqueIdentifier>
    </Filter>
    <Filter Include="ソース ファイル\game\camera">
      <UniqueIdentifier>{1694ab30-39a3-413c-94f4-4bb3fa4dda8f}</UniqueIdentifier>
    </Filter>
    <Filter Include="ソース ファイル\game\system">
      <UniqueIdentifier>{ba11f423-a14e-4529-a61c-5d144593fef5}</UniqueIdentifier>
    </Filter>
    <Filter Include="ソース ファイル\game\sky">
      <UniqueIdentifier>{f1ed687f-70c3-411a-a303-8d7c2d78cd8b}</UniqueIdentifier>
    </Filter>
    <Filter Include="ソース ファイル\game\map">
      <UniqueIdentifier>{631421b6-6b23-4e5f-b246-f12021a2cbd3}</UniqueIdentifier>
    </Filter>
    <Filter Include="ソース ファイル\game\character">
      <UniqueIdentifier>{18d733f3-862c-49f6-bc9e-dc7243be1153}</UniqueIdentifier>
    </Filter>
    <Filter Include="ソース ファイル\game\player">
      <UniqueIdentifier>{cd707ba0-d16f-4ff7-b44a-4657daca714c}</UniqueIdentifier>
    </Filter>
    <Filter Include="ソース ファイル\lib\lib">
      <UniqueIdentifier>{6ae4d0cc-985d-4251-b18b-ab33e640b65d}</UniqueIdentifier>
    </Filter>
    <Filter Include="ソース ファイル\game\attack">
      <UniqueIdentifier>{e20188aa-02ca-463b-8487-1d9485533a9e}</UniqueIdentifier>
    </Filter>
    <Filter Include="ソース ファイル\game\enemy">
      <UniqueIdentifier>{311b7cbb-a292-449b-bf39-05638ecd2d43}</UniqueIdentifier>
    </Filter>
    <Filter Include="ソース ファイル\game\FOV">
      <UniqueIdentifier>{a48d1bf0-35fe-49f7-a1c0-e5097585396c}</UniqueIdentifier>
    </Filter>
    <Filter Include="ソース ファイル\game\collisionManager">
      <UniqueIdentifier>{87ef989f-fff0-49d3-827e-d45086156d04}</UniqueIdentifier>
    </Filter>
    <Filter Include="ソース ファイル\game\shot">
      <UniqueIdentifier>{865b34c6-7fde-43a3-b510-81d189e164ed}</UniqueIdentifier>
    </Filter>
    <Filter Include="ソース ファイル\game\goal">
      <UniqueIdentifier>{e7bbbaea-5814-4c25-aae9-3defa60c22a4}</UniqueIdentifier>
    </Filter>
    <Filter Include="ソース ファイル\game\item">
      <UniqueIdentifier>{055b67e1-9aaa-445a-848b-92d59ba63e9a}</UniqueIdentifier>
    </Filter>
    <Filter Include="ソース ファイル\game\item\fireRing">
      <UniqueIdentifier>{a06ca225-e74d-4abc-9e83-5f8889888b45}</UniqueIdentifier>
    </Filter>
    <Filter Include="ソース ファイル\game\item\itemInventory">
      <UniqueIdentifier>{17650638-a1bc-4bf9-a5f1-b8bfebcbb656}</UniqueIdentifier>
    </Filter>
    <Filter Include="ソース ファイル\game\item\harbAmulent">
      <UniqueIdentifier>{5d3e3841-9c5e-4242-984f-29f53be8534b}</UniqueIdentifier>
    </Filter>
    <Filter Include="ソース ファイル\lib\effekseer">
      <UniqueIdentifier>{f8cc2464-89a2-42d1-809b-271ec42468ae}</UniqueIdentifier>
    </Filter>
    <Filter Include="ソース ファイル\game\camera\playCamera">
      <UniqueIdentifier>{22017e20-cc7b-422a-9575-377e026daeae}</UniqueIdentifier>
    </Filter>
    <Filter Include="ソース ファイル\game\camera\debugCamera">
      <UniqueIdentifier>{578ef763-b049-4f80-ba2b-727e3fe82f73}</UniqueIdentifier>
    </Filter>
    <Filter Include="ソース ファイル\game\system\effectData">
      <UniqueIdentifier>{fb345ed7-3d28-46b3-95c0-5b3036b6b10e}</UniqueIdentifier>
    </Filter>
    <Filter Include="ソース ファイル\game\weapon">
      <UniqueIdentifier>{f7909f27-5431-4ff4-93aa-f4c37b51a76b}</UniqueIdentifier>
    </Filter>
    <Filter Include="ソース ファイル\game\enemy\flyEnemy">
      <UniqueIdentifier>{5383299c-94bb-424b-b57a-912edd1ce6c8}</UniqueIdentifier>
    </Filter>
    <Filter Include="ソース ファイル\game\box">
      <UniqueIdentifier>{90fd580d-8741-458a-b196-b951d36cdcf0}</UniqueIdentifier>
    </Filter>
    <Filter Include="ソース ファイル\game\camera\mapCamera">
      <UniqueIdentifier>{e2ce5c7e-279e-45c6-a776-b43ae1df1890}</UniqueIdentifier>
    </Filter>
    <Filter Include="ソース ファイル\game\ui">
      <UniqueIdentifier>{54b55332-1df3-4934-99f5-e80fd7a1de6b}</UniqueIdentifier>
    </Filter>
    <Filter Include="ソース ファイル\game\ui\hpber">
      <UniqueIdentifier>{8a8f2346-eab0-4879-9c01-96af7be7ad06}</UniqueIdentifier>
    </Filter>
    <Filter Include="ソース ファイル\game\shadow">
      <UniqueIdentifier>{8f9b0397-0895-49dc-a379-015a6b7b24ae}</UniqueIdentifier>
    </Filter>
  </ItemGroup>
  <ItemGroup>
    <ClCompile Include="src\lib\number.cpp">
      <Filter>ソース ファイル\lib</Filter>
    </ClCompile>
    <ClCompile Include="src\lib\input\controllerInput.cpp">
      <Filter>ソース ファイル\lib\input</Filter>
    </ClCompile>
    <ClCompile Include="src\lib\input\KeyInput.cpp">
      <Filter>ソース ファイル\lib\input</Filter>
    </ClCompile>
    <ClCompile Include="src\lib\2DUi\2DUi.cpp">
      <Filter>ソース ファイル\lib\2DUi</Filter>
    </ClCompile>
    <ClCompile Include="src\lib\model\3DObject.cpp">
      <Filter>ソース ファイル\lib\model</Filter>
    </ClCompile>
    <ClCompile Include="src\lib\model\actor.cpp">
      <Filter>ソース ファイル\lib\model</Filter>
    </ClCompile>
    <ClCompile Include="src\lib\system\fade.cpp">
      <Filter>ソース ファイル\lib\system</Filter>
    </ClCompile>
    <ClCompile Include="src\lib\system\fps.cpp">
      <Filter>ソース ファイル\lib\system</Filter>
    </ClCompile>
    <ClCompile Include="src\game\camera\cameraManager.cpp">
      <Filter>ソース ファイル\game\camera</Filter>
    </ClCompile>
    <ClCompile Include="src\game\scene\playScene.cpp">
      <Filter>ソース ファイル\game\scene</Filter>
    </ClCompile>
    <ClCompile Include="src\game\scene\resultScene.cpp">
      <Filter>ソース ファイル\game\scene</Filter>
    </ClCompile>
    <ClCompile Include="src\game\scene\sceneBase.cpp">
      <Filter>ソース ファイル\game\scene</Filter>
    </ClCompile>
    <ClCompile Include="src\game\scene\sceneManager.cpp">
      <Filter>ソース ファイル\game\scene</Filter>
    </ClCompile>
    <ClCompile Include="src\game\scene\titleScene.cpp">
      <Filter>ソース ファイル\game\scene</Filter>
    </ClCompile>
    <ClCompile Include="src\game\main.cpp">
      <Filter>ソース ファイル\game</Filter>
    </ClCompile>
    <ClCompile Include="src\game\system\soundManager.cpp">
      <Filter>ソース ファイル\game\system</Filter>
    </ClCompile>
    <ClCompile Include="src\game\sky\sky.cpp">
      <Filter>ソース ファイル\game\sky</Filter>
    </ClCompile>
    <ClCompile Include="src\game\map\map.cpp">
      <Filter>ソース ファイル\game\map</Filter>
    </ClCompile>
    <ClCompile Include="src\game\character\characterBase.cpp">
      <Filter>ソース ファイル\game\character</Filter>
    </ClCompile>
    <ClCompile Include="src\game\player\player.cpp">
      <Filter>ソース ファイル\game\player</Filter>
    </ClCompile>
    <ClCompile Include="src\lib\myMath\myMath.cpp">
      <Filter>ソース ファイル\lib\lib</Filter>
    </ClCompile>
    <ClCompile Include="src\lib\collision\collision.cpp">
      <Filter>ソース ファイル\lib\collision</Filter>
    </ClCompile>
    <ClCompile Include="src\game\attack\attack.cpp">
      <Filter>ソース ファイル\game\attack</Filter>
    </ClCompile>
    <ClCompile Include="src\game\enemy\enemy.cpp">
      <Filter>ソース ファイル\game\enemy</Filter>
    </ClCompile>
    <ClCompile Include="src\game\enemy\enemyManager.cpp">
      <Filter>ソース ファイル\game\enemy</Filter>
    </ClCompile>
    <ClCompile Include="src\game\FOV\FOV.cpp">
      <Filter>ソース ファイル\game\FOV</Filter>
    </ClCompile>
    <ClCompile Include="src\game\collisionManager\collisionManager.cpp">
      <Filter>ソース ファイル\game\collisionManager</Filter>
    </ClCompile>
    <ClCompile Include="src\game\shot\shotBase.cpp">
      <Filter>ソース ファイル\game\shot</Filter>
    </ClCompile>
    <ClCompile Include="src\game\shot\shotManager.cpp">
      <Filter>ソース ファイル\game\shot</Filter>
    </ClCompile>
    <ClCompile Include="src\game\goal\goal.cpp">
      <Filter>ソース ファイル\game\goal</Filter>
    </ClCompile>
    <ClCompile Include="src\game\item\itemBase.cpp">
      <Filter>ソース ファイル\game\item</Filter>
    </ClCompile>
    <ClCompile Include="src\game\item\fireRing\fireRing.cpp">
      <Filter>ソース ファイル\game\item\fireRing</Filter>
    </ClCompile>
    <ClCompile Include="src\game\item\itemManager.cpp">
      <Filter>ソース ファイル\game\item</Filter>
    </ClCompile>
    <ClCompile Include="src\game\item\itemInventory\itemInventory.cpp">
      <Filter>ソース ファイル\game\item\itemInventory</Filter>
    </ClCompile>
    <ClCompile Include="src\game\item\itemShotBase.cpp">
      <Filter>ソース ファイル\game\item</Filter>
    </ClCompile>
    <ClCompile Include="src\game\item\harbAmulent\harbAmulent.cpp">
      <Filter>ソース ファイル\game\item\harbAmulent</Filter>
    </ClCompile>
    <ClCompile Include="src\lib\effekseer\effekseer.cpp">
      <Filter>ソース ファイル\lib\effekseer</Filter>
    </ClCompile>
    <ClCompile Include="src\game\camera\debugCamera\debugCamera.cpp">
      <Filter>ソース ファイル\game\camera\debugCamera</Filter>
    </ClCompile>
    <ClCompile Include="src\game\camera\playCamera\playCamera.cpp">
      <Filter>ソース ファイル\game\camera\playCamera</Filter>
    </ClCompile>
    <ClCompile Include="src\game\camera\cameraBase.cpp">
      <Filter>ソース ファイル\game\camera</Filter>
    </ClCompile>
    <ClCompile Include="src\game\system\effectData\effectData.cpp">
      <Filter>ソース ファイル\game\system\effectData</Filter>
    </ClCompile>
    <ClCompile Include="src\game\weapon\weapon.cpp">
      <Filter>ソース ファイル\game\weapon</Filter>
    </ClCompile>
    <ClCompile Include="src\game\enemy\flyEnemy\flyEnemy.cpp">
      <Filter>ソース ファイル\game\enemy\flyEnemy</Filter>
    </ClCompile>
    <ClCompile Include="src\game\enemy\enemyBase.cpp">
      <Filter>ソース ファイル\game\enemy</Filter>
    </ClCompile>
    <ClCompile Include="src\game\attack\attackManager.cpp">
      <Filter>ソース ファイル\game\attack</Filter>
    </ClCompile>
    <ClCompile Include="src\game\attack\attackBase.cpp">
      <Filter>ソース ファイル\game\attack</Filter>
    </ClCompile>
    <ClCompile Include="src\game\box\box.cpp">
      <Filter>ソース ファイル\game\box</Filter>
    </ClCompile>
    <ClCompile Include="src\game\box\boxManager.cpp">
      <Filter>ソース ファイル\game\box</Filter>
    </ClCompile>
    <ClCompile Include="src\game\camera\mapCamera\mapCamera.cpp">
      <Filter>ソース ファイル\game\camera\mapCamera</Filter>
    </ClCompile>
    <ClCompile Include="src\game\scene\selectScene.cpp">
      <Filter>ソース ファイル\game\scene</Filter>
    </ClCompile>
    <ClCompile Include="src\game\player\playerManager.cpp">
      <Filter>ソース ファイル\game\player</Filter>
    </ClCompile>
    <ClCompile Include="src\lib\input\controllerManager.cpp">
      <Filter>ソース ファイル\lib\input</Filter>
    </ClCompile>
    <ClCompile Include="src\game\weapon\weaponManager.cpp">
      <Filter>ソース ファイル\game\weapon</Filter>
    </ClCompile>
    <ClCompile Include="src\game\ui\uiManager.cpp">
      <Filter>ソース ファイル\game\ui</Filter>
    </ClCompile>
    <ClCompile Include="src\game\ui\hpber\hpbar.cpp">
      <Filter>ソース ファイル\game\ui\hpber</Filter>
    </ClCompile>
    <ClCompile Include="src\game\ui\hpber\hpbarManager.cpp">
      <Filter>ソース ファイル\game\ui\hpber</Filter>
    </ClCompile>
    <ClCompile Include="src\game\shadow\shadow.cpp">
      <Filter>ソース ファイル\game\shadow</Filter>
    </ClCompile>
  </ItemGroup>
  <ItemGroup>
    <ClInclude Include="src\lib\number.h">
      <Filter>ソース ファイル\lib</Filter>
    </ClInclude>
    <ClInclude Include="src\game\data.h">
      <Filter>ソース ファイル\game</Filter>
    </ClInclude>
    <ClInclude Include="src\lib\input\controllerInput.h">
      <Filter>ソース ファイル\lib\input</Filter>
    </ClInclude>
    <ClInclude Include="src\lib\input\keyInput.h">
      <Filter>ソース ファイル\lib\input</Filter>
    </ClInclude>
    <ClInclude Include="src\lib\2DUi\2DUi.h">
      <Filter>ソース ファイル\lib\2DUi</Filter>
    </ClInclude>
    <ClInclude Include="src\lib\model\3DObject.h">
      <Filter>ソース ファイル\lib\model</Filter>
    </ClInclude>
    <ClInclude Include="src\lib\model\actor.h">
      <Filter>ソース ファイル\lib\model</Filter>
    </ClInclude>
    <ClInclude Include="src\lib\system\fade.h">
      <Filter>ソース ファイル\lib\system</Filter>
    </ClInclude>
    <ClInclude Include="src\lib\system\fps.h">
      <Filter>ソース ファイル\lib\system</Filter>
    </ClInclude>
    <ClInclude Include="src\game\camera\cameraManager.h">
      <Filter>ソース ファイル\game\camera</Filter>
    </ClInclude>
    <ClInclude Include="src\game\scene\playScene.h">
      <Filter>ソース ファイル\game\scene</Filter>
    </ClInclude>
    <ClInclude Include="src\game\scene\resultScene.h">
      <Filter>ソース ファイル\game\scene</Filter>
    </ClInclude>
    <ClInclude Include="src\game\scene\sceneBase.h">
      <Filter>ソース ファイル\game\scene</Filter>
    </ClInclude>
    <ClInclude Include="src\game\scene\sceneManager.h">
      <Filter>ソース ファイル\game\scene</Filter>
    </ClInclude>
    <ClInclude Include="src\game\scene\titleScene.h">
      <Filter>ソース ファイル\game\scene</Filter>
    </ClInclude>
    <ClInclude Include="src\game\system\soundManager.h">
      <Filter>ソース ファイル\game\system</Filter>
    </ClInclude>
    <ClInclude Include="src\game\sky\sky.h">
      <Filter>ソース ファイル\game\sky</Filter>
    </ClInclude>
    <ClInclude Include="src\game\map\map.h">
      <Filter>ソース ファイル\game\map</Filter>
    </ClInclude>
    <ClInclude Include="src\game\character\characterBase.h">
      <Filter>ソース ファイル\game\character</Filter>
    </ClInclude>
    <ClInclude Include="src\game\player\player.h">
      <Filter>ソース ファイル\game\player</Filter>
    </ClInclude>
    <ClInclude Include="src\lib\myMath\myMath.h">
      <Filter>ソース ファイル\lib\lib</Filter>
    </ClInclude>
    <ClInclude Include="src\game\common.h">
      <Filter>ソース ファイル\game</Filter>
    </ClInclude>
    <ClInclude Include="src\lib\collision\collision.h">
      <Filter>ソース ファイル\lib\collision</Filter>
    </ClInclude>
    <ClInclude Include="src\game\attack\attack.h">
      <Filter>ソース ファイル\game\attack</Filter>
    </ClInclude>
    <ClInclude Include="src\game\enemy\enemy.h">
      <Filter>ソース ファイル\game\enemy</Filter>
    </ClInclude>
    <ClInclude Include="src\game\enemy\enemyManager.h">
      <Filter>ソース ファイル\game\enemy</Filter>
    </ClInclude>
    <ClInclude Include="src\game\FOV\FOV.h">
      <Filter>ソース ファイル\game\FOV</Filter>
    </ClInclude>
    <ClInclude Include="src\game\collisionManager\collisionManager.h">
      <Filter>ソース ファイル\game\collisionManager</Filter>
    </ClInclude>
    <ClInclude Include="src\game\shot\shotBase.h">
      <Filter>ソース ファイル\game\shot</Filter>
    </ClInclude>
    <ClInclude Include="src\game\shot\shotManager.h">
      <Filter>ソース ファイル\game\shot</Filter>
    </ClInclude>
    <ClInclude Include="src\game\goal\goal.h">
      <Filter>ソース ファイル\game\goal</Filter>
    </ClInclude>
    <ClInclude Include="src\game\item\itemBase.h">
      <Filter>ソース ファイル\game\item</Filter>
    </ClInclude>
    <ClInclude Include="src\game\item\fireRing\fireRing.h">
      <Filter>ソース ファイル\game\item\fireRing</Filter>
    </ClInclude>
    <ClInclude Include="src\game\item\itemManager.h">
      <Filter>ソース ファイル\game\item</Filter>
    </ClInclude>
    <ClInclude Include="src\game\item\itemInventory\itemInventory.h">
      <Filter>ソース ファイル\game\item\itemInventory</Filter>
    </ClInclude>
    <ClInclude Include="src\game\item\itemShotBase.h">
      <Filter>ソース ファイル\game\item</Filter>
    </ClInclude>
    <ClInclude Include="src\game\item\harbAmulent\harbAmulent.h">
      <Filter>ソース ファイル\game\item\harbAmulent</Filter>
    </ClInclude>
    <ClInclude Include="src\lib\effekseer\effekseer.h">
      <Filter>ソース ファイル\lib\effekseer</Filter>
    </ClInclude>
    <ClInclude Include="src\game\camera\debugCamera\debugCamera.h">
      <Filter>ソース ファイル\game\camera\debugCamera</Filter>
    </ClInclude>
    <ClInclude Include="src\game\camera\playCamera\playCamera.h">
      <Filter>ソース ファイル\game\camera\playCamera</Filter>
    </ClInclude>
    <ClInclude Include="src\game\camera\cameraBase.h">
      <Filter>ソース ファイル\game\camera</Filter>
    </ClInclude>
    <ClInclude Include="src\game\system\effectData\effectData.h">
      <Filter>ソース ファイル\game\system\effectData</Filter>
    </ClInclude>
    <ClInclude Include="src\game\enemy\enemyRootData.h">
      <Filter>ソース ファイル\game\enemy</Filter>
    </ClInclude>
    <ClInclude Include="src\game\weapon\weapon.h">
      <Filter>ソース ファイル\game\weapon</Filter>
    </ClInclude>
    <ClInclude Include="src\game\enemy\flyEnemy\flyEnemy.h">
      <Filter>ソース ファイル\game\enemy\flyEnemy</Filter>
    </ClInclude>
    <ClInclude Include="src\game\enemy\enemyBase.h">
      <Filter>ソース ファイル\game\enemy</Filter>
    </ClInclude>
    <ClInclude Include="src\game\attack\attackManager.h">
      <Filter>ソース ファイル\game\attack</Filter>
    </ClInclude>
    <ClInclude Include="src\game\attack\attackBase.h">
      <Filter>ソース ファイル\game\attack</Filter>
    </ClInclude>
    <ClInclude Include="src\game\box\box.h">
      <Filter>ソース ファイル\game\box</Filter>
    </ClInclude>
    <ClInclude Include="src\game\box\boxManager.h">
      <Filter>ソース ファイル\game\box</Filter>
    </ClInclude>
    <ClInclude Include="src\game\camera\mapCamera\mapCamera.h">
      <Filter>ソース ファイル\game\camera\mapCamera</Filter>
    </ClInclude>
    <ClInclude Include="src\game\scene\selectScene.h">
      <Filter>ソース ファイル\game\scene</Filter>
    </ClInclude>
    <ClInclude Include="src\game\player\playerManager.h">
      <Filter>ソース ファイル\game\player</Filter>
    </ClInclude>
    <ClInclude Include="src\lib\input\controllerManager.h">
      <Filter>ソース ファイル\lib\input</Filter>
    </ClInclude>
    <ClInclude Include="src\game\weapon\weaponManager.h">
      <Filter>ソース ファイル\game\weapon</Filter>
    </ClInclude>
    <ClInclude Include="src\game\ui\uiManager.h">
      <Filter>ソース ファイル\game\ui</Filter>
    </ClInclude>
    <ClInclude Include="src\game\ui\hpber\hpbar.h">
      <Filter>ソース ファイル\game\ui\hpber</Filter>
    </ClInclude>
    <ClInclude Include="src\game\ui\hpber\hpbarManager.h">
      <Filter>ソース ファイル\game\ui\hpber</Filter>
    </ClInclude>
    <ClInclude Include="src\game\shadow\shadow.h">
      <Filter>ソース ファイル\game\shadow</Filter>
    </ClInclude>
  </ItemGroup>
</Project>